// !$*UTF8*$!
{
	archiveVersion = 1;
	classes = {
	};
	objectVersion = 46;
	objects = {

/* Begin PBXBuildFile section */
		2EECB7DC17FFEDE8002EA88F /* main.cpp in Sources */ = {isa = PBXBuildFile; fileRef = 2EECB7DB17FFEDE8002EA88F /* main.cpp */; };
		2EECB7DE17FFEDE8002EA88F /* BVHOQ.1 in CopyFiles */ = {isa = PBXBuildFile; fileRef = 2EECB7DD17FFEDE8002EA88F /* BVHOQ.1 */; };
		2EECB7E517FFEF0D002EA88F /* GLUT.framework in Frameworks */ = {isa = PBXBuildFile; fileRef = 2EECB7E417FFEF0D002EA88F /* GLUT.framework */; };
		2EECB7E717FFEF8D002EA88F /* OpenGL.framework in Frameworks */ = {isa = PBXBuildFile; fileRef = 2EECB7E617FFEF8D002EA88F /* OpenGL.framework */; };
		2EECB7F217FFF458002EA88F /* simple.fsh in Sources */ = {isa = PBXBuildFile; fileRef = 2EECB7F017FFF458002EA88F /* simple.fsh */; };
		2EECB7F317FFF458002EA88F /* simple.vsh in Sources */ = {isa = PBXBuildFile; fileRef = 2EECB7F117FFF458002EA88F /* simple.vsh */; };
		2EECB7F617FFF544002EA88F /* simple.fsh in CopyFiles */ = {isa = PBXBuildFile; fileRef = 2EECB7F017FFF458002EA88F /* simple.fsh */; };
		2EECB7F717FFF544002EA88F /* simple.vsh in CopyFiles */ = {isa = PBXBuildFile; fileRef = 2EECB7F117FFF458002EA88F /* simple.vsh */; };
		2EECB7F9180019B6002EA88F /* OpenCL.framework in Frameworks */ = {isa = PBXBuildFile; fileRef = 2EECB7F8180019B6002EA88F /* OpenCL.framework */; };
		2EECB7FC180045EB002EA88F /* utils.cpp in Sources */ = {isa = PBXBuildFile; fileRef = 2EECB7FA180045EB002EA88F /* utils.cpp */; };
		2EECB80718004F97002EA88F /* mesh.cpp in Sources */ = {isa = PBXBuildFile; fileRef = 2EECB80518004F97002EA88F /* mesh.cpp */; };
		2EECB80A18007013002EA88F /* monkey.objm in CopyFiles */ = {isa = PBXBuildFile; fileRef = 2EECB80818006FFB002EA88F /* monkey.objm */; };
		882BFEAC187185DF0011E56F /* BVHAccelerator.cpp in Sources */ = {isa = PBXBuildFile; fileRef = 882BFE98187185DF0011E56F /* BVHAccelerator.cpp */; };
		882BFEAD187185DF0011E56F /* eig3.cpp in Sources */ = {isa = PBXBuildFile; fileRef = 882BFE9C187185DF0011E56F /* eig3.cpp */; };
		882BFEAE187185DF0011E56F /* MassiveScene.cpp in Sources */ = {isa = PBXBuildFile; fileRef = 882BFE9E187185DF0011E56F /* MassiveScene.cpp */; };
		882BFEAF187185DF0011E56F /* OCLRender.cpp in Sources */ = {isa = PBXBuildFile; fileRef = 882BFEA0187185DF0011E56F /* OCLRender.cpp */; };
		882BFEB0187185DF0011E56F /* QuatCamera.cpp in Sources */ = {isa = PBXBuildFile; fileRef = 882BFEA2187185DF0011E56F /* QuatCamera.cpp */; };
		882BFEB3187185DF0011E56F /* ShaderManager.cpp in Sources */ = {isa = PBXBuildFile; fileRef = 882BFEA8187185DF0011E56F /* ShaderManager.cpp */; };
		882BFEB4187185DF0011E56F /* SimpleScene.cpp in Sources */ = {isa = PBXBuildFile; fileRef = 882BFEAA187185DF0011E56F /* SimpleScene.cpp */; };
		885E12DE1806F3B40097750B /* cubes.objm in CopyFiles */ = {isa = PBXBuildFile; fileRef = 885E12DD1806F3AB0097750B /* cubes.objm */; };
		88691E2E180FC69000B14DFA /* libassimpD.3.0.255.dylib in Frameworks */ = {isa = PBXBuildFile; fileRef = 88691E2D180FC69000B14DFA /* libassimpD.3.0.255.dylib */; };
		88EEE4E5180E62FD00F26D8E /* depthmap.cl in Sources */ = {isa = PBXBuildFile; fileRef = 88EEE4E4180E62FD00F26D8E /* depthmap.cl */; };
		88EEE4E6180E636600F26D8E /* depthmap.cl in CopyFiles */ = {isa = PBXBuildFile; fileRef = 88EEE4E4180E62FD00F26D8E /* depthmap.cl */; };
		88EEE4E8180EB6EB00F26D8E /* sibenik.objm in CopyFiles */ = {isa = PBXBuildFile; fileRef = 88EEE4E7180EB6BC00F26D8E /* sibenik.objm */; };
		88F63CD81876BE8D005CF933 /* SamplerBase.cpp in Sources */ = {isa = PBXBuildFile; fileRef = 88F63CD61876BE8D005CF933 /* SamplerBase.cpp */; };
		88F63CDB1876C21C005CF933 /* RandomSampler.cpp in Sources */ = {isa = PBXBuildFile; fileRef = 88F63CD91876C21C005CF933 /* RandomSampler.cpp */; };
		88F922111802F41E0016F18C /* bbox.cpp in Sources */ = {isa = PBXBuildFile; fileRef = 88F9220F1802F41E0016F18C /* bbox.cpp */; };
		88FABF6D180AAC920058DC93 /* manythings.objm in CopyFiles */ = {isa = PBXBuildFile; fileRef = 88FABF6C180AAC760058DC93 /* manythings.objm */; };
/* End PBXBuildFile section */

/* Begin PBXCopyFilesBuildPhase section */
		2EECB7D617FFEDE8002EA88F /* CopyFiles */ = {
			isa = PBXCopyFilesBuildPhase;
			buildActionMask = 12;
			dstPath = "";
			dstSubfolderSpec = 16;
			files = (
				88EEE4E8180EB6EB00F26D8E /* sibenik.objm in CopyFiles */,
				88EEE4E6180E636600F26D8E /* depthmap.cl in CopyFiles */,
				88FABF6D180AAC920058DC93 /* manythings.objm in CopyFiles */,
				885E12DE1806F3B40097750B /* cubes.objm in CopyFiles */,
				2EECB80A18007013002EA88F /* monkey.objm in CopyFiles */,
				2EECB7F617FFF544002EA88F /* simple.fsh in CopyFiles */,
				2EECB7F717FFF544002EA88F /* simple.vsh in CopyFiles */,
				2EECB7DE17FFEDE8002EA88F /* BVHOQ.1 in CopyFiles */,
			);
			runOnlyForDeploymentPostprocessing = 0;
		};
/* End PBXCopyFilesBuildPhase section */

/* Begin PBXFileReference section */
		2EECB7D817FFEDE8002EA88F /* BVHOQ */ = {isa = PBXFileReference; explicitFileType = "compiled.mach-o.executable"; includeInIndex = 0; path = BVHOQ; sourceTree = BUILT_PRODUCTS_DIR; };
		2EECB7DB17FFEDE8002EA88F /* main.cpp */ = {isa = PBXFileReference; lastKnownFileType = sourcecode.cpp.cpp; path = main.cpp; sourceTree = "<group>"; };
		2EECB7DD17FFEDE8002EA88F /* BVHOQ.1 */ = {isa = PBXFileReference; lastKnownFileType = text.man; path = BVHOQ.1; sourceTree = "<group>"; };
		2EECB7E417FFEF0D002EA88F /* GLUT.framework */ = {isa = PBXFileReference; lastKnownFileType = wrapper.framework; name = GLUT.framework; path = System/Library/Frameworks/GLUT.framework; sourceTree = SDKROOT; };
		2EECB7E617FFEF8D002EA88F /* OpenGL.framework */ = {isa = PBXFileReference; lastKnownFileType = wrapper.framework; name = OpenGL.framework; path = System/Library/Frameworks/OpenGL.framework; sourceTree = SDKROOT; };
		2EECB7F017FFF458002EA88F /* simple.fsh */ = {isa = PBXFileReference; fileEncoding = 4; lastKnownFileType = sourcecode.glsl; name = simple.fsh; path = BVHOQ/simple.fsh; sourceTree = "<group>"; };
		2EECB7F117FFF458002EA88F /* simple.vsh */ = {isa = PBXFileReference; fileEncoding = 4; lastKnownFileType = sourcecode.glsl; name = simple.vsh; path = BVHOQ/simple.vsh; sourceTree = "<group>"; };
		2EECB7F8180019B6002EA88F /* OpenCL.framework */ = {isa = PBXFileReference; lastKnownFileType = wrapper.framework; name = OpenCL.framework; path = System/Library/Frameworks/OpenCL.framework; sourceTree = SDKROOT; };
		2EECB7FA180045EB002EA88F /* utils.cpp */ = {isa = PBXFileReference; fileEncoding = 4; lastKnownFileType = sourcecode.cpp.cpp; path = utils.cpp; sourceTree = "<group>"; };
		2EECB7FB180045EB002EA88F /* utils.h */ = {isa = PBXFileReference; fileEncoding = 4; lastKnownFileType = sourcecode.c.h; path = utils.h; sourceTree = "<group>"; };
		2EECB7FE1800475D002EA88F /* matrix.h */ = {isa = PBXFileReference; fileEncoding = 4; lastKnownFileType = sourcecode.c.h; path = matrix.h; sourceTree = "<group>"; };
		2EECB7FF1800475D002EA88F /* quaternion.h */ = {isa = PBXFileReference; fileEncoding = 4; lastKnownFileType = sourcecode.c.h; path = quaternion.h; sourceTree = "<group>"; };
		2EECB80018004788002EA88F /* vector.h */ = {isa = PBXFileReference; fileEncoding = 4; lastKnownFileType = sourcecode.c.h; path = vector.h; sourceTree = "<group>"; };
		2EECB80518004F97002EA88F /* mesh.cpp */ = {isa = PBXFileReference; fileEncoding = 4; lastKnownFileType = sourcecode.cpp.cpp; path = mesh.cpp; sourceTree = "<group>"; };
		2EECB80618004F97002EA88F /* mesh.h */ = {isa = PBXFileReference; fileEncoding = 4; lastKnownFileType = sourcecode.c.h; path = mesh.h; sourceTree = "<group>"; };
		2EECB80818006FFB002EA88F /* monkey.objm */ = {isa = PBXFileReference; fileEncoding = 4; lastKnownFileType = text; name = monkey.objm; path = BVHOQ/monkey.objm; sourceTree = "<group>"; };
		882BFE98187185DF0011E56F /* BVHAccelerator.cpp */ = {isa = PBXFileReference; fileEncoding = 4; lastKnownFileType = sourcecode.cpp.cpp; path = BVHAccelerator.cpp; sourceTree = "<group>"; };
		882BFE99187185DF0011E56F /* BVHAccelerator.h */ = {isa = PBXFileReference; fileEncoding = 4; lastKnownFileType = sourcecode.c.h; path = BVHAccelerator.h; sourceTree = "<group>"; };
		882BFE9A187185DF0011E56F /* CameraBase.h */ = {isa = PBXFileReference; fileEncoding = 4; lastKnownFileType = sourcecode.c.h; path = CameraBase.h; sourceTree = "<group>"; };
		882BFE9B187185DF0011E56F /* CommonTypes.h */ = {isa = PBXFileReference; fileEncoding = 4; lastKnownFileType = sourcecode.c.h; path = CommonTypes.h; sourceTree = "<group>"; };
		882BFE9C187185DF0011E56F /* eig3.cpp */ = {isa = PBXFileReference; fileEncoding = 4; lastKnownFileType = sourcecode.cpp.cpp; path = eig3.cpp; sourceTree = "<group>"; };
		882BFE9D187185DF0011E56F /* eig3.h */ = {isa = PBXFileReference; fileEncoding = 4; lastKnownFileType = sourcecode.c.h; path = eig3.h; sourceTree = "<group>"; };
		882BFE9E187185DF0011E56F /* MassiveScene.cpp */ = {isa = PBXFileReference; fileEncoding = 4; lastKnownFileType = sourcecode.cpp.cpp; path = MassiveScene.cpp; sourceTree = "<group>"; };
		882BFE9F187185DF0011E56F /* MassiveScene.h */ = {isa = PBXFileReference; fileEncoding = 4; lastKnownFileType = sourcecode.c.h; path = MassiveScene.h; sourceTree = "<group>"; };
		882BFEA0187185DF0011E56F /* OCLRender.cpp */ = {isa = PBXFileReference; fileEncoding = 4; lastKnownFileType = sourcecode.cpp.cpp; path = OCLRender.cpp; sourceTree = "<group>"; };
		882BFEA1187185DF0011E56F /* OCLRender.h */ = {isa = PBXFileReference; fileEncoding = 4; lastKnownFileType = sourcecode.c.h; path = OCLRender.h; sourceTree = "<group>"; };
		882BFEA2187185DF0011E56F /* QuatCamera.cpp */ = {isa = PBXFileReference; fileEncoding = 4; lastKnownFileType = sourcecode.cpp.cpp; path = QuatCamera.cpp; sourceTree = "<group>"; };
		882BFEA3187185DF0011E56F /* QuatCamera.h */ = {isa = PBXFileReference; fileEncoding = 4; lastKnownFileType = sourcecode.c.h; path = QuatCamera.h; sourceTree = "<group>"; };
		882BFEA4187185DF0011E56F /* RenderBase.h */ = {isa = PBXFileReference; fileEncoding = 4; lastKnownFileType = sourcecode.c.h; path = RenderBase.h; sourceTree = "<group>"; };
		882BFEA7187185DF0011E56F /* SceneBase.h */ = {isa = PBXFileReference; fileEncoding = 4; lastKnownFileType = sourcecode.c.h; path = SceneBase.h; sourceTree = "<group>"; };
		882BFEA8187185DF0011E56F /* ShaderManager.cpp */ = {isa = PBXFileReference; fileEncoding = 4; lastKnownFileType = sourcecode.cpp.cpp; path = ShaderManager.cpp; sourceTree = "<group>"; };
		882BFEA9187185DF0011E56F /* ShaderManager.h */ = {isa = PBXFileReference; fileEncoding = 4; lastKnownFileType = sourcecode.c.h; path = ShaderManager.h; sourceTree = "<group>"; };
		882BFEAA187185DF0011E56F /* SimpleScene.cpp */ = {isa = PBXFileReference; fileEncoding = 4; lastKnownFileType = sourcecode.cpp.cpp; path = SimpleScene.cpp; sourceTree = "<group>"; };
		882BFEAB187185DF0011E56F /* SimpleScene.h */ = {isa = PBXFileReference; fileEncoding = 4; lastKnownFileType = sourcecode.c.h; path = SimpleScene.h; sourceTree = "<group>"; };
		885E12DD1806F3AB0097750B /* cubes.objm */ = {isa = PBXFileReference; fileEncoding = 4; lastKnownFileType = text; name = cubes.objm; path = BVHOQ/cubes.objm; sourceTree = "<group>"; };
		88691E2D180FC69000B14DFA /* libassimpD.3.0.255.dylib */ = {isa = PBXFileReference; lastKnownFileType = "compiled.mach-o.dylib"; name = libassimpD.3.0.255.dylib; path = "../assimp--3.0.1270-sdk/tmp/code/Debug/libassimpD.3.0.255.dylib"; sourceTree = "<group>"; };
		88EEE4E4180E62FD00F26D8E /* depthmap.cl */ = {isa = PBXFileReference; fileEncoding = 4; lastKnownFileType = sourcecode.opencl; name = depthmap.cl; path = BVHOQ/depthmap.cl; sourceTree = "<group>"; };
		88EEE4E7180EB6BC00F26D8E /* sibenik.objm */ = {isa = PBXFileReference; fileEncoding = 4; lastKnownFileType = text; name = sibenik.objm; path = BVHOQ/sibenik.objm; sourceTree = "<group>"; };
		88F63CD61876BE8D005CF933 /* SamplerBase.cpp */ = {isa = PBXFileReference; fileEncoding = 4; lastKnownFileType = sourcecode.cpp.cpp; path = SamplerBase.cpp; sourceTree = "<group>"; };
		88F63CD71876BE8D005CF933 /* SamplerBase.h */ = {isa = PBXFileReference; fileEncoding = 4; lastKnownFileType = sourcecode.c.h; path = SamplerBase.h; sourceTree = "<group>"; };
		88F63CD91876C21C005CF933 /* RandomSampler.cpp */ = {isa = PBXFileReference; fileEncoding = 4; lastKnownFileType = sourcecode.cpp.cpp; path = RandomSampler.cpp; sourceTree = "<group>"; };
		88F63CDA1876C21C005CF933 /* RandomSampler.h */ = {isa = PBXFileReference; fileEncoding = 4; lastKnownFileType = sourcecode.c.h; path = RandomSampler.h; sourceTree = "<group>"; };
		88F9220F1802F41E0016F18C /* bbox.cpp */ = {isa = PBXFileReference; fileEncoding = 4; lastKnownFileType = sourcecode.cpp.cpp; path = bbox.cpp; sourceTree = "<group>"; };
		88F922101802F41E0016F18C /* bbox.h */ = {isa = PBXFileReference; fileEncoding = 4; lastKnownFileType = sourcecode.c.h; path = bbox.h; sourceTree = "<group>"; };
		88FABF6C180AAC760058DC93 /* manythings.objm */ = {isa = PBXFileReference; fileEncoding = 4; lastKnownFileType = text; name = manythings.objm; path = BVHOQ/manythings.objm; sourceTree = "<group>"; };
/* End PBXFileReference section */

/* Begin PBXFrameworksBuildPhase section */
		2EECB7D517FFEDE8002EA88F /* Frameworks */ = {
			isa = PBXFrameworksBuildPhase;
			buildActionMask = 2147483647;
			files = (
				88691E2E180FC69000B14DFA /* libassimpD.3.0.255.dylib in Frameworks */,
				2EECB7F9180019B6002EA88F /* OpenCL.framework in Frameworks */,
				2EECB7E717FFEF8D002EA88F /* OpenGL.framework in Frameworks */,
				2EECB7E517FFEF0D002EA88F /* GLUT.framework in Frameworks */,
			);
			runOnlyForDeploymentPostprocessing = 0;
		};
/* End PBXFrameworksBuildPhase section */

/* Begin PBXGroup section */
		2EECB7CF17FFEDE8002EA88F = {
			isa = PBXGroup;
			children = (
				88691E2D180FC69000B14DFA /* libassimpD.3.0.255.dylib */,
				2EECB80918007000002EA88F /* assets */,
				2EECB7F8180019B6002EA88F /* OpenCL.framework */,
				2EECB7EB17FFF403002EA88F /* shaders */,
				2EECB7E617FFEF8D002EA88F /* OpenGL.framework */,
				2EECB7E417FFEF0D002EA88F /* GLUT.framework */,
				2EECB7DA17FFEDE8002EA88F /* BVHOQ */,
				2EECB7D917FFEDE8002EA88F /* Products */,
			);
			sourceTree = "<group>";
		};
		2EECB7D917FFEDE8002EA88F /* Products */ = {
			isa = PBXGroup;
			children = (
				2EECB7D817FFEDE8002EA88F /* BVHOQ */,
			);
			name = Products;
			sourceTree = "<group>";
		};
		2EECB7DA17FFEDE8002EA88F /* BVHOQ */ = {
			isa = PBXGroup;
			children = (
				882BFE98187185DF0011E56F /* BVHAccelerator.cpp */,
				882BFE99187185DF0011E56F /* BVHAccelerator.h */,
				882BFE9A187185DF0011E56F /* CameraBase.h */,
				882BFE9B187185DF0011E56F /* CommonTypes.h */,
				882BFE9C187185DF0011E56F /* eig3.cpp */,
				882BFE9D187185DF0011E56F /* eig3.h */,
				882BFE9E187185DF0011E56F /* MassiveScene.cpp */,
				882BFE9F187185DF0011E56F /* MassiveScene.h */,
				882BFEA0187185DF0011E56F /* OCLRender.cpp */,
				882BFEA1187185DF0011E56F /* OCLRender.h */,
				882BFEA2187185DF0011E56F /* QuatCamera.cpp */,
				882BFEA3187185DF0011E56F /* QuatCamera.h */,
				882BFEA4187185DF0011E56F /* RenderBase.h */,
				882BFEA7187185DF0011E56F /* SceneBase.h */,
				882BFEA8187185DF0011E56F /* ShaderManager.cpp */,
				882BFEA9187185DF0011E56F /* ShaderManager.h */,
				882BFEAA187185DF0011E56F /* SimpleScene.cpp */,
				882BFEAB187185DF0011E56F /* SimpleScene.h */,
				2EECB80518004F97002EA88F /* mesh.cpp */,
				2EECB80618004F97002EA88F /* mesh.h */,
				2EECB80018004788002EA88F /* vector.h */,
				2EECB7FE1800475D002EA88F /* matrix.h */,
				2EECB7FF1800475D002EA88F /* quaternion.h */,
				2EECB7FA180045EB002EA88F /* utils.cpp */,
				2EECB7FB180045EB002EA88F /* utils.h */,
				2EECB7DB17FFEDE8002EA88F /* main.cpp */,
				2EECB7DD17FFEDE8002EA88F /* BVHOQ.1 */,
				88F9220F1802F41E0016F18C /* bbox.cpp */,
				88F922101802F41E0016F18C /* bbox.h */,
				88F63CD61876BE8D005CF933 /* SamplerBase.cpp */,
				88F63CD71876BE8D005CF933 /* SamplerBase.h */,
				88F63CD91876C21C005CF933 /* RandomSampler.cpp */,
				88F63CDA1876C21C005CF933 /* RandomSampler.h */,
			);
			path = BVHOQ;
			sourceTree = "<group>";
		};
		2EECB7EB17FFF403002EA88F /* shaders */ = {
			isa = PBXGroup;
			children = (
				88EEE4E4180E62FD00F26D8E /* depthmap.cl */,
				2EECB7F017FFF458002EA88F /* simple.fsh */,
				2EECB7F117FFF458002EA88F /* simple.vsh */,
			);
			name = shaders;
			sourceTree = "<group>";
		};
		2EECB80918007000002EA88F /* assets */ = {
			isa = PBXGroup;
			children = (
				88EEE4E7180EB6BC00F26D8E /* sibenik.objm */,
				88FABF6C180AAC760058DC93 /* manythings.objm */,
				885E12DD1806F3AB0097750B /* cubes.objm */,
				2EECB80818006FFB002EA88F /* monkey.objm */,
			);
			name = assets;
			sourceTree = "<group>";
		};
/* End PBXGroup section */

/* Begin PBXNativeTarget section */
		2EECB7D717FFEDE8002EA88F /* BVHOQ */ = {
			isa = PBXNativeTarget;
			buildConfigurationList = 2EECB7E117FFEDE8002EA88F /* Build configuration list for PBXNativeTarget "BVHOQ" */;
			buildPhases = (
				2EECB7D417FFEDE8002EA88F /* Sources */,
				2EECB7D517FFEDE8002EA88F /* Frameworks */,
				2EECB7D617FFEDE8002EA88F /* CopyFiles */,
			);
			buildRules = (
			);
			dependencies = (
			);
			name = BVHOQ;
			productName = BVHOQ;
			productReference = 2EECB7D817FFEDE8002EA88F /* BVHOQ */;
			productType = "com.apple.product-type.tool";
		};
/* End PBXNativeTarget section */

/* Begin PBXProject section */
		2EECB7D017FFEDE8002EA88F /* Project object */ = {
			isa = PBXProject;
			attributes = {
				LastUpgradeCheck = 0500;
				ORGANIZATIONNAME = "Dmitry Kozlov";
			};
			buildConfigurationList = 2EECB7D317FFEDE8002EA88F /* Build configuration list for PBXProject "BVHOQ" */;
			compatibilityVersion = "Xcode 3.2";
			developmentRegion = English;
			hasScannedForEncodings = 0;
			knownRegions = (
				en,
			);
			mainGroup = 2EECB7CF17FFEDE8002EA88F;
			productRefGroup = 2EECB7D917FFEDE8002EA88F /* Products */;
			projectDirPath = "";
			projectRoot = "";
			targets = (
				2EECB7D717FFEDE8002EA88F /* BVHOQ */,
			);
		};
/* End PBXProject section */

/* Begin PBXSourcesBuildPhase section */
		2EECB7D417FFEDE8002EA88F /* Sources */ = {
			isa = PBXSourcesBuildPhase;
			buildActionMask = 2147483647;
			files = (
				882BFEAF187185DF0011E56F /* OCLRender.cpp in Sources */,
				882BFEAC187185DF0011E56F /* BVHAccelerator.cpp in Sources */,
				2EECB7DC17FFEDE8002EA88F /* main.cpp in Sources */,
				882BFEB0187185DF0011E56F /* QuatCamera.cpp in Sources */,
				882BFEAD187185DF0011E56F /* eig3.cpp in Sources */,
				2EECB7F217FFF458002EA88F /* simple.fsh in Sources */,
				2EECB7F317FFF458002EA88F /* simple.vsh in Sources */,
				88F63CDB1876C21C005CF933 /* RandomSampler.cpp in Sources */,
				882BFEB4187185DF0011E56F /* SimpleScene.cpp in Sources */,
				88EEE4E5180E62FD00F26D8E /* depthmap.cl in Sources */,
				882BFEB3187185DF0011E56F /* ShaderManager.cpp in Sources */,
				88F63CD81876BE8D005CF933 /* SamplerBase.cpp in Sources */,
				88F922111802F41E0016F18C /* bbox.cpp in Sources */,
				2EECB7FC180045EB002EA88F /* utils.cpp in Sources */,
				2EECB80718004F97002EA88F /* mesh.cpp in Sources */,
				882BFEAE187185DF0011E56F /* MassiveScene.cpp in Sources */,
			);
			runOnlyForDeploymentPostprocessing = 0;
		};
/* End PBXSourcesBuildPhase section */

/* Begin XCBuildConfiguration section */
		2EECB7DF17FFEDE8002EA88F /* Debug */ = {
			isa = XCBuildConfiguration;
			buildSettings = {
				ALWAYS_SEARCH_USER_PATHS = NO;
				CLANG_CXX_LANGUAGE_STANDARD = "gnu++0x";
				CLANG_CXX_LIBRARY = "libc++";
				CLANG_WARN_CONSTANT_CONVERSION = YES;
				CLANG_WARN_EMPTY_BODY = YES;
				CLANG_WARN_ENUM_CONVERSION = YES;
				CLANG_WARN_INT_CONVERSION = YES;
				CLANG_WARN__DUPLICATE_METHOD_MATCH = YES;
				COPY_PHASE_STRIP = NO;
				GCC_C_LANGUAGE_STANDARD = gnu99;
				GCC_DYNAMIC_NO_PIC = NO;
				GCC_ENABLE_OBJC_EXCEPTIONS = YES;
				GCC_OPTIMIZATION_LEVEL = 0;
				GCC_PREPROCESSOR_DEFINITIONS = (
					"DEBUG=1",
					"$(inherited)",
				);
				GCC_SYMBOLS_PRIVATE_EXTERN = NO;
				GCC_WARN_64_TO_32_BIT_CONVERSION = YES;
				GCC_WARN_ABOUT_RETURN_TYPE = YES;
				GCC_WARN_UNINITIALIZED_AUTOS = YES;
				GCC_WARN_UNUSED_VARIABLE = YES;
				MACOSX_DEPLOYMENT_TARGET = 10.8;
				ONLY_ACTIVE_ARCH = YES;
				SDKROOT = macosx;
			};
			name = Debug;
		};
		2EECB7E017FFEDE8002EA88F /* Release */ = {
			isa = XCBuildConfiguration;
			buildSettings = {
				ALWAYS_SEARCH_USER_PATHS = NO;
				CLANG_CXX_LANGUAGE_STANDARD = "gnu++0x";
				CLANG_CXX_LIBRARY = "libc++";
				CLANG_WARN_CONSTANT_CONVERSION = YES;
				CLANG_WARN_EMPTY_BODY = YES;
				CLANG_WARN_ENUM_CONVERSION = YES;
				CLANG_WARN_INT_CONVERSION = YES;
				CLANG_WARN__DUPLICATE_METHOD_MATCH = YES;
				COPY_PHASE_STRIP = YES;
				DEBUG_INFORMATION_FORMAT = "dwarf-with-dsym";
				GCC_C_LANGUAGE_STANDARD = gnu99;
				GCC_ENABLE_OBJC_EXCEPTIONS = YES;
				GCC_WARN_64_TO_32_BIT_CONVERSION = YES;
				GCC_WARN_ABOUT_RETURN_TYPE = YES;
				GCC_WARN_UNINITIALIZED_AUTOS = YES;
				GCC_WARN_UNUSED_VARIABLE = YES;
				MACOSX_DEPLOYMENT_TARGET = 10.8;
				SDKROOT = macosx;
			};
			name = Release;
		};
		2EECB7E217FFEDE8002EA88F /* Debug */ = {
			isa = XCBuildConfiguration;
			buildSettings = {
				HEADER_SEARCH_PATHS = (
					"$(inherited)",
					/Applications/Xcode.app/Contents/Developer/Toolchains/XcodeDefault.xctoolchain/usr/include,
					/usr/local/include,
				);
				LIBRARY_SEARCH_PATHS = (
					/usr/local/bin,
					/usr/local/lib,
					"/Users/dmitryk/Documents/dev/assimp--3.0.1270-sdk/tmp/code/Debug",
				);
				PRODUCT_NAME = "$(TARGET_NAME)";
				USER_HEADER_SEARCH_PATHS = "";
			};
			name = Debug;
		};
		2EECB7E317FFEDE8002EA88F /* Release */ = {
			isa = XCBuildConfiguration;
			buildSettings = {
				HEADER_SEARCH_PATHS = (
					"$(inherited)",
					/Applications/Xcode.app/Contents/Developer/Toolchains/XcodeDefault.xctoolchain/usr/include,
					/usr/local/include,
				);
				LIBRARY_SEARCH_PATHS = (
					/usr/local/bin,
					/usr/local/lib,
					"/Users/dmitryk/Documents/dev/assimp--3.0.1270-sdk/tmp/code/Debug",
				);
				PRODUCT_NAME = "$(TARGET_NAME)";
				USER_HEADER_SEARCH_PATHS = "";
			};
			name = Release;
		};
/* End XCBuildConfiguration section */

/* Begin XCConfigurationList section */
		2EECB7D317FFEDE8002EA88F /* Build configuration list for PBXProject "BVHOQ" */ = {
			isa = XCConfigurationList;
			buildConfigurations = (
				2EECB7DF17FFEDE8002EA88F /* Debug */,
				2EECB7E017FFEDE8002EA88F /* Release */,
			);
			defaultConfigurationIsVisible = 0;
			defaultConfigurationName = Release;
		};
		2EECB7E117FFEDE8002EA88F /* Build configuration list for PBXNativeTarget "BVHOQ" */ = {
			isa = XCConfigurationList;
			buildConfigurations = (
				2EECB7E217FFEDE8002EA88F /* Debug */,
				2EECB7E317FFEDE8002EA88F /* Release */,
			);
			defaultConfigurationIsVisible = 0;
			defaultConfigurationName = Release;
		};
/* End XCConfigurationList section */
	};
	rootObject = 2EECB7D017FFEDE8002EA88F /* Project object */;
}
