<?xml version="1.0" encoding="utf-8"?>
<Project ToolsVersion="4.0" xmlns="http://schemas.microsoft.com/developer/msbuild/2003">
  <ItemGroup>
    <Filter Include="Source Files">
      <UniqueIdentifier>{4FC737F1-C7A5-4376-A066-2A32D752A2FF}</UniqueIdentifier>
      <Extensions>cpp;c;cc;cxx;def;odl;idl;hpj;bat;asm;asmx</Extensions>
    </Filter>
    <Filter Include="Header Files">
      <UniqueIdentifier>{93995380-89BD-4b04-88EB-625FBE52EBFB}</UniqueIdentifier>
      <Extensions>h;hpp;hxx;hm;inl;inc;xsd</Extensions>
    </Filter>
    <Filter Include="Resource Files">
      <UniqueIdentifier>{67DA6AB6-F800-4c08-8B7A-83BB121AAD01}</UniqueIdentifier>
      <Extensions>rc;ico;cur;bmp;dlg;rc2;rct;bin;rgs;gif;jpg;jpeg;jpe;resx;tiff;tif;png;wav;mfcribbon-ms</Extensions>
    </Filter>
  </ItemGroup>
  <ItemGroup>
    <ClInclude Include="matrix.h">
      <Filter>Source Files</Filter>
    </ClInclude>
    <ClInclude Include="quaternion.h">
      <Filter>Source Files</Filter>
    </ClInclude>
    <ClInclude Include="utils.h">
      <Filter>Source Files</Filter>
    </ClInclude>
    <ClInclude Include="vector.h">
      <Filter>Source Files</Filter>
    </ClInclude>
    <ClInclude Include="RenderBase.h">
      <Filter>Source Files</Filter>
    </ClInclude>
    <ClInclude Include="SceneBase.h">
      <Filter>Source Files</Filter>
    </ClInclude>
    <ClInclude Include="CameraBase.h">
      <Filter>Source Files</Filter>
    </ClInclude>
    <ClInclude Include="BVHAccelerator.h">
      <Filter>Source Files</Filter>
    </ClInclude>
    <ClInclude Include="MassiveScene.h">
      <Filter>Source Files</Filter>
    </ClInclude>
    <ClInclude Include="SimpleScene.h">
      <Filter>Source Files</Filter>
    </ClInclude>
    <ClInclude Include="ShaderManager.h">
      <Filter>Source Files</Filter>
    </ClInclude>
    <ClInclude Include="Mesh.h">
      <Filter>Source Files</Filter>
    </ClInclude>
    <ClInclude Include="CommonTypes.h">
      <Filter>Source Files</Filter>
    </ClInclude>
    <ClInclude Include="BBox.h">
      <Filter>Source Files</Filter>
    </ClInclude>
    <ClInclude Include="QuatCamera.h">
      <Filter>Source Files</Filter>
    </ClInclude>
    <ClInclude Include="Eig3.h">
      <Filter>Source Files</Filter>
    </ClInclude>
    <ClInclude Include="OCLRender.h">
      <Filter>Source Files</Filter>
    </ClInclude>
  </ItemGroup>
  <ItemGroup>
    <ClCompile Include="main.cpp">
      <Filter>Source Files</Filter>
    </ClCompile>
    <ClCompile Include="utils.cpp">
      <Filter>Source Files</Filter>
    </ClCompile>
    <ClCompile Include="BVHAccelerator.cpp">
      <Filter>Source Files</Filter>
    </ClCompile>
    <ClCompile Include="MassiveScene.cpp">
      <Filter>Source Files</Filter>
    </ClCompile>
    <ClCompile Include="SimpleScene.cpp">
      <Filter>Source Files</Filter>
    </ClCompile>
    <ClCompile Include="ShaderManager.cpp">
      <Filter>Source Files</Filter>
    </ClCompile>
    <ClCompile Include="Mesh.cpp">
      <Filter>Source Files</Filter>
    </ClCompile>
    <ClCompile Include="BBox.cpp">
      <Filter>Source Files</Filter>
    </ClCompile>
    <ClCompile Include="QuatCamera.cpp">
      <Filter>Source Files</Filter>
    </ClCompile>
    <ClCompile Include="Eig3.cpp">
      <Filter>Source Files</Filter>
    </ClCompile>
    <ClCompile Include="OCLRender.cpp">
      <Filter>Source Files</Filter>
    </ClCompile>
  </ItemGroup>
  <ItemGroup>
    <None Include="depthmap.cl" />
    <None Include="simple.fsh" />
    <None Include="simple.vsh" />
    <None Include="scene.vsh" />
    <None Include="scene.fsh" />
  </ItemGroup>
</Project>